
Microsoft Visual Studio Solution File, Format Version 12.00
# Visual Studio Version 16
VisualStudioVersion = 16.0.30804.86
MinimumVisualStudioVersion = 10.0.40219.1
Project("{FAE04EC0-301F-11D3-BF4B-00C04F79EFBC}") = "S50Games.Web", "S50Games.Web\S50Games.Web.csproj", "{F7A21E03-2DFC-427F-8E55-F2600B884DCB}"
EndProject
Global
	GlobalSection(SolutionConfigurationPlatforms) = preSolution
		Debug|Any CPU = Debug|Any CPU
		Release|Any CPU = Release|Any CPU
	EndGlobalSection
	GlobalSection(ProjectConfigurationPlatforms) = postSolution
		{F7A21E03-2DFC-427F-8E55-F2600B884DCB}.Debug|Any CPU.ActiveCfg = Debug|Any CPU
		{F7A21E03-2DFC-427F-8E55-F2600B884DCB}.Debug|Any CPU.Build.0 = Debug|Any CPU
		{F7A21E03-2DFC-427F-8E55-F2600B884DCB}.Release|Any CPU.ActiveCfg = Release|Any CPU
		{F7A21E03-2DFC-427F-8E55-F2600B884DCB}.Release|Any CPU.Build.0 = Release|Any CPU
	EndGlobalSection
	GlobalSection(SolutionProperties) = preSolution
		HideSolutionNode = FALSE
	EndGlobalSection
	GlobalSection(ExtensibilityGlobals) = postSolution
		SolutionGuid = {80587135-742D-4C36-9097-06080068790E}
	EndGlobalSection
EndGlobal
